
Microsoft Visual Studio Solution File, Format Version 12.00
# Visual Studio 14
VisualStudioVersion = 14.0.25420.1
MinimumVisualStudioVersion = 10.0.40219.1
Project("{FAE04EC0-301F-11D3-BF4B-00C04F79EFBC}") = "Model", "ttxy.Model\Model.csproj", "{8926899A-08E9-446A-8825-A72841F4139E}"
EndProject
Project("{E24C65DC-7377-472B-9ABA-BC803B73C61A}") = "WebSite", "WebSite\", "{D138FA78-E3B2-4E6E-8E9A-F3FA07CE01BB}"
	ProjectSection(WebsiteProperties) = preProject
		TargetFrameworkMoniker = ".NETFramework,Version%3Dv4.0"
		ProjectReferences = "{8926899A-08E9-446A-8825-A72841F4139E}|ttxy.Model.dll;{c9bb5da9-cae9-406f-95d3-b903bfe4aeea}|ttxy.DAL.dll;"
		Debug.AspNetCompiler.VirtualPath = "/WebSite"
		Debug.AspNetCompiler.PhysicalPath = "WebSite\"
		Debug.AspNetCompiler.TargetPath = "PrecompiledWeb\WebSite\"
		Debug.AspNetCompiler.Updateable = "true"
		Debug.AspNetCompiler.ForceOverwrite = "true"
		Debug.AspNetCompiler.FixedNames = "false"
		Debug.AspNetCompiler.Debug = "True"
		Release.AspNetCompiler.VirtualPath = "/WebSite"
		Release.AspNetCompiler.PhysicalPath = "WebSite\"
		Release.AspNetCompiler.TargetPath = "PrecompiledWeb\WebSite\"
		Release.AspNetCompiler.Updateable = "true"
		Release.AspNetCompiler.ForceOverwrite = "true"
		Release.AspNetCompiler.FixedNames = "false"
		Release.AspNetCompiler.Debug = "False"
		VWDPort = "11281"
		SlnRelativePath = "WebSite\"
	EndProjectSection
EndProject
Project("{FAE04EC0-301F-11D3-BF4B-00C04F79EFBC}") = "Funcs", "ttxy.DAL\Funcs.csproj", "{C9BB5DA9-CAE9-406F-95D3-B903BFE4AEEA}"
EndProject
Project("{FAE04EC0-301F-11D3-BF4B-00C04F79EFBC}") = "Testing", "Testing\Testing.csproj", "{72362CC5-D316-4E27-B0C8-C72C2D3D48BF}"
EndProject
Global
	GlobalSection(SolutionConfigurationPlatforms) = preSolution
		Debug|Any CPU = Debug|Any CPU
		Debug|Mixed Platforms = Debug|Mixed Platforms
		Debug|Win32 = Debug|Win32
		Debug|x86 = Debug|x86
		Release|Any CPU = Release|Any CPU
		Release|Mixed Platforms = Release|Mixed Platforms
		Release|Win32 = Release|Win32
		Release|x86 = Release|x86
	EndGlobalSection
	GlobalSection(ProjectConfigurationPlatforms) = postSolution
		{8926899A-08E9-446A-8825-A72841F4139E}.Debug|Any CPU.ActiveCfg = Debug|Any CPU
		{8926899A-08E9-446A-8825-A72841F4139E}.Debug|Any CPU.Build.0 = Debug|Any CPU
		{8926899A-08E9-446A-8825-A72841F4139E}.Debug|Mixed Platforms.ActiveCfg = Debug|Any CPU
		{8926899A-08E9-446A-8825-A72841F4139E}.Debug|Mixed Platforms.Build.0 = Debug|Any CPU
		{8926899A-08E9-446A-8825-A72841F4139E}.Debug|Win32.ActiveCfg = Debug|Any CPU
		{8926899A-08E9-446A-8825-A72841F4139E}.Debug|x86.ActiveCfg = Debug|Any CPU
		{8926899A-08E9-446A-8825-A72841F4139E}.Release|Any CPU.ActiveCfg = Release|Any CPU
		{8926899A-08E9-446A-8825-A72841F4139E}.Release|Any CPU.Build.0 = Release|Any CPU
		{8926899A-08E9-446A-8825-A72841F4139E}.Release|Mixed Platforms.ActiveCfg = Release|Any CPU
		{8926899A-08E9-446A-8825-A72841F4139E}.Release|Mixed Platforms.Build.0 = Release|Any CPU
		{8926899A-08E9-446A-8825-A72841F4139E}.Release|Win32.ActiveCfg = Release|Any CPU
		{8926899A-08E9-446A-8825-A72841F4139E}.Release|x86.ActiveCfg = Release|Any CPU
		{D138FA78-E3B2-4E6E-8E9A-F3FA07CE01BB}.Debug|Any CPU.ActiveCfg = Debug|Any CPU
		{D138FA78-E3B2-4E6E-8E9A-F3FA07CE01BB}.Debug|Any CPU.Build.0 = Debug|Any CPU
		{D138FA78-E3B2-4E6E-8E9A-F3FA07CE01BB}.Debug|Mixed Platforms.ActiveCfg = Debug|Any CPU
		{D138FA78-E3B2-4E6E-8E9A-F3FA07CE01BB}.Debug|Mixed Platforms.Build.0 = Debug|Any CPU
		{D138FA78-E3B2-4E6E-8E9A-F3FA07CE01BB}.Debug|Win32.ActiveCfg = Debug|Any CPU
		{D138FA78-E3B2-4E6E-8E9A-F3FA07CE01BB}.Debug|x86.ActiveCfg = Debug|Any CPU
		{D138FA78-E3B2-4E6E-8E9A-F3FA07CE01BB}.Release|Any CPU.ActiveCfg = Debug|Any CPU
		{D138FA78-E3B2-4E6E-8E9A-F3FA07CE01BB}.Release|Any CPU.Build.0 = Debug|Any CPU
		{D138FA78-E3B2-4E6E-8E9A-F3FA07CE01BB}.Release|Mixed Platforms.ActiveCfg = Debug|Any CPU
		{D138FA78-E3B2-4E6E-8E9A-F3FA07CE01BB}.Release|Mixed Platforms.Build.0 = Debug|Any CPU
		{D138FA78-E3B2-4E6E-8E9A-F3FA07CE01BB}.Release|Win32.ActiveCfg = Debug|Any CPU
		{D138FA78-E3B2-4E6E-8E9A-F3FA07CE01BB}.Release|x86.ActiveCfg = Debug|Any CPU
		{C9BB5DA9-CAE9-406F-95D3-B903BFE4AEEA}.Debug|Any CPU.ActiveCfg = Debug|Any CPU
		{C9BB5DA9-CAE9-406F-95D3-B903BFE4AEEA}.Debug|Any CPU.Build.0 = Debug|Any CPU
		{C9BB5DA9-CAE9-406F-95D3-B903BFE4AEEA}.Debug|Mixed Platforms.ActiveCfg = Debug|Any CPU
		{C9BB5DA9-CAE9-406F-95D3-B903BFE4AEEA}.Debug|Mixed Platforms.Build.0 = Debug|Any CPU
		{C9BB5DA9-CAE9-406F-95D3-B903BFE4AEEA}.Debug|Win32.ActiveCfg = Debug|Any CPU
		{C9BB5DA9-CAE9-406F-95D3-B903BFE4AEEA}.Debug|Win32.Build.0 = Debug|Any CPU
		{C9BB5DA9-CAE9-406F-95D3-B903BFE4AEEA}.Debug|x86.ActiveCfg = Debug|Any CPU
		{C9BB5DA9-CAE9-406F-95D3-B903BFE4AEEA}.Debug|x86.Build.0 = Debug|Any CPU
		{C9BB5DA9-CAE9-406F-95D3-B903BFE4AEEA}.Release|Any CPU.ActiveCfg = Release|Any CPU
		{C9BB5DA9-CAE9-406F-95D3-B903BFE4AEEA}.Release|Any CPU.Build.0 = Release|Any CPU
		{C9BB5DA9-CAE9-406F-95D3-B903BFE4AEEA}.Release|Mixed Platforms.ActiveCfg = Release|Any CPU
		{C9BB5DA9-CAE9-406F-95D3-B903BFE4AEEA}.Release|Mixed Platforms.Build.0 = Release|Any CPU
		{C9BB5DA9-CAE9-406F-95D3-B903BFE4AEEA}.Release|Win32.ActiveCfg = Release|Any CPU
		{C9BB5DA9-CAE9-406F-95D3-B903BFE4AEEA}.Release|Win32.Build.0 = Release|Any CPU
		{C9BB5DA9-CAE9-406F-95D3-B903BFE4AEEA}.Release|x86.ActiveCfg = Release|Any CPU
		{C9BB5DA9-CAE9-406F-95D3-B903BFE4AEEA}.Release|x86.Build.0 = Release|Any CPU
		{72362CC5-D316-4E27-B0C8-C72C2D3D48BF}.Debug|Any CPU.ActiveCfg = Debug|Any CPU
		{72362CC5-D316-4E27-B0C8-C72C2D3D48BF}.Debug|Any CPU.Build.0 = Debug|Any CPU
		{72362CC5-D316-4E27-B0C8-C72C2D3D48BF}.Debug|Mixed Platforms.ActiveCfg = Debug|Any CPU
		{72362CC5-D316-4E27-B0C8-C72C2D3D48BF}.Debug|Mixed Platforms.Build.0 = Debug|Any CPU
		{72362CC5-D316-4E27-B0C8-C72C2D3D48BF}.Debug|Win32.ActiveCfg = Debug|Any CPU
		{72362CC5-D316-4E27-B0C8-C72C2D3D48BF}.Debug|Win32.Build.0 = Debug|Any CPU
		{72362CC5-D316-4E27-B0C8-C72C2D3D48BF}.Debug|x86.ActiveCfg = Debug|Any CPU
		{72362CC5-D316-4E27-B0C8-C72C2D3D48BF}.Debug|x86.Build.0 = Debug|Any CPU
		{72362CC5-D316-4E27-B0C8-C72C2D3D48BF}.Release|Any CPU.ActiveCfg = Release|Any CPU
		{72362CC5-D316-4E27-B0C8-C72C2D3D48BF}.Release|Any CPU.Build.0 = Release|Any CPU
		{72362CC5-D316-4E27-B0C8-C72C2D3D48BF}.Release|Mixed Platforms.ActiveCfg = Release|Any CPU
		{72362CC5-D316-4E27-B0C8-C72C2D3D48BF}.Release|Mixed Platforms.Build.0 = Release|Any CPU
		{72362CC5-D316-4E27-B0C8-C72C2D3D48BF}.Release|Win32.ActiveCfg = Release|Any CPU
		{72362CC5-D316-4E27-B0C8-C72C2D3D48BF}.Release|Win32.Build.0 = Release|Any CPU
		{72362CC5-D316-4E27-B0C8-C72C2D3D48BF}.Release|x86.ActiveCfg = Release|Any CPU
		{72362CC5-D316-4E27-B0C8-C72C2D3D48BF}.Release|x86.Build.0 = Release|Any CPU
	EndGlobalSection
	GlobalSection(SolutionProperties) = preSolution
		HideSolutionNode = FALSE
	EndGlobalSection
EndGlobal
